// !$*UTF8*$!
{
	archiveVersion = 1;
	classes = {
	};
	objectVersion = 46;
	objects = {

/* Begin PBXBuildFile section */
		C540B28D1D9068CD00606A99 /* AppDelegate.swift in Sources */ = {isa = PBXBuildFile; fileRef = C540B28C1D9068CD00606A99 /* AppDelegate.swift */; };
		C540B28F1D9068CD00606A99 /* ViewController.swift in Sources */ = {isa = PBXBuildFile; fileRef = C540B28E1D9068CD00606A99 /* ViewController.swift */; };
		C540B2921D9068CD00606A99 /* Main.storyboard in Resources */ = {isa = PBXBuildFile; fileRef = C540B2901D9068CD00606A99 /* Main.storyboard */; };
		C540B2941D9068CD00606A99 /* Assets.xcassets in Resources */ = {isa = PBXBuildFile; fileRef = C540B2931D9068CD00606A99 /* Assets.xcassets */; };
		C540B2971D9068CD00606A99 /* LaunchScreen.storyboard in Resources */ = {isa = PBXBuildFile; fileRef = C540B2951D9068CD00606A99 /* LaunchScreen.storyboard */; };
		C540B29F1D90696800606A99 /* MyTableViewController.swift in Sources */ = {isa = PBXBuildFile; fileRef = C540B29E1D90696800606A99 /* MyTableViewController.swift */; };
/* End PBXBuildFile section */

/* Begin PBXFileReference section */
		C540B2891D9068CD00606A99 /* EmbedTable.app */ = {isa = PBXFileReference; explicitFileType = wrapper.application; includeInIndex = 0; path = EmbedTable.app; sourceTree = BUILT_PRODUCTS_DIR; };
		C540B28C1D9068CD00606A99 /* AppDelegate.swift */ = {isa = PBXFileReference; lastKnownFileType = sourcecode.swift; path = AppDelegate.swift; sourceTree = "<group>"; };
		C540B28E1D9068CD00606A99 /* ViewController.swift */ = {isa = PBXFileReference; lastKnownFileType = sourcecode.swift; path = ViewController.swift; sourceTree = "<group>"; };
		C540B2911D9068CD00606A99 /* Base */ = {isa = PBXFileReference; lastKnownFileType = file.storyboard; name = Base; path = Base.lproj/Main.storyboard; sourceTree = "<group>"; };
		C540B2931D9068CD00606A99 /* Assets.xcassets */ = {isa = PBXFileReference; lastKnownFileType = folder.assetcatalog; path = Assets.xcassets; sourceTree = "<group>"; };
		C540B2961D9068CD00606A99 /* Base */ = {isa = PBXFileReference; lastKnownFileType = file.storyboard; name = Base; path = Base.lproj/LaunchScreen.storyboard; sourceTree = "<group>"; };
		C540B2981D9068CD00606A99 /* Info.plist */ = {isa = PBXFileReference; lastKnownFileType = text.plist.xml; path = Info.plist; sourceTree = "<group>"; };
		C540B29E1D90696800606A99 /* MyTableViewController.swift */ = {isa = PBXFileReference; fileEncoding = 4; lastKnownFileType = sourcecode.swift; path = MyTableViewController.swift; sourceTree = "<group>"; };
/* End PBXFileReference section */

/* Begin PBXFrameworksBuildPhase section */
		C540B2861D9068CD00606A99 /* Frameworks */ = {
			isa = PBXFrameworksBuildPhase;
			buildActionMask = 2147483647;
			files = (
			);
			runOnlyForDeploymentPostprocessing = 0;
		};
/* End PBXFrameworksBuildPhase section */

/* Begin PBXGroup section */
		C540B2801D9068CD00606A99 = {
			isa = PBXGroup;
			children = (
				C540B28B1D9068CD00606A99 /* EmbedTable */,
				C540B28A1D9068CD00606A99 /* Products */,
			);
			sourceTree = "<group>";
		};
		C540B28A1D9068CD00606A99 /* Products */ = {
			isa = PBXGroup;
			children = (
				C540B2891D9068CD00606A99 /* EmbedTable.app */,
			);
			name = Products;
			sourceTree = "<group>";
		};
		C540B28B1D9068CD00606A99 /* EmbedTable */ = {
			isa = PBXGroup;
			children = (
				C540B28C1D9068CD00606A99 /* AppDelegate.swift */,
				C540B28E1D9068CD00606A99 /* ViewController.swift */,
				C540B2901D9068CD00606A99 /* Main.storyboard */,
				C540B29E1D90696800606A99 /* MyTableViewController.swift */,
				C540B2931D9068CD00606A99 /* Assets.xcassets */,
				C540B2951D9068CD00606A99 /* LaunchScreen.storyboard */,
				C540B2981D9068CD00606A99 /* Info.plist */,
			);
			path = EmbedTable;
			sourceTree = "<group>";
		};
/* End PBXGroup section */

/* Begin PBXNativeTarget section */
		C540B2881D9068CD00606A99 /* EmbedTable */ = {
			isa = PBXNativeTarget;
			buildConfigurationList = C540B29B1D9068CD00606A99 /* Build configuration list for PBXNativeTarget "EmbedTable" */;
			buildPhases = (
				C540B2851D9068CD00606A99 /* Sources */,
				C540B2861D9068CD00606A99 /* Frameworks */,
				C540B2871D9068CD00606A99 /* Resources */,
			);
			buildRules = (
			);
			dependencies = (
			);
			name = EmbedTable;
			productName = EmbedTable;
			productReference = C540B2891D9068CD00606A99 /* EmbedTable.app */;
			productType = "com.apple.product-type.application";
		};
/* End PBXNativeTarget section */

/* Begin PBXProject section */
		C540B2811D9068CD00606A99 /* Project object */ = {
			isa = PBXProject;
			attributes = {
				LastSwiftUpdateCheck = 0730;
				LastUpgradeCheck = 0730;
				ORGANIZATIONNAME = A290;
				TargetAttributes = {
					C540B2881D9068CD00606A99 = {
						CreatedOnToolsVersion = 7.3.1;
					};
				};
			};
			buildConfigurationList = C540B2841D9068CD00606A99 /* Build configuration list for PBXProject "EmbedTable" */;
			compatibilityVersion = "Xcode 3.2";
			developmentRegion = English;
			hasScannedForEncodings = 0;
			knownRegions = (
				en,
				Base,
			);
			mainGroup = C540B2801D9068CD00606A99;
			productRefGroup = C540B28A1D9068CD00606A99 /* Products */;
			projectDirPath = "";
			projectRoot = "";
			targets = (
				C540B2881D9068CD00606A99 /* EmbedTable */,
			);
		};
/* End PBXProject section */

/* Begin PBXResourcesBuildPhase section */
		C540B2871D9068CD00606A99 /* Resources */ = {
			isa = PBXResourcesBuildPhase;
			buildActionMask = 2147483647;
			files = (
				C540B2971D9068CD00606A99 /* LaunchScreen.storyboard in Resources */,
				C540B2941D9068CD00606A99 /* Assets.xcassets in Resources */,
				C540B2921D9068CD00606A99 /* Main.storyboard in Resources */,
			);
			runOnlyForDeploymentPostprocessing = 0;
		};
/* End PBXResourcesBuildPhase section */

/* Begin PBXSourcesBuildPhase section */
		C540B2851D9068CD00606A99 /* Sources */ = {
			isa = PBXSourcesBuildPhase;
			buildActionMask = 2147483647;
			files = (
				C540B28F1D9068CD00606A99 /* ViewController.swift in Sources */,
				C540B29F1D90696800606A99 /* MyTableViewController.swift in Sources */,
				C540B28D1D9068CD00606A99 /* AppDelegate.swift in Sources */,
			);
			runOnlyForDeploymentPostprocessing = 0;
		};
/* End PBXSourcesBuildPhase section */

/* Begin PBXVariantGroup section */
		C540B2901D9068CD00606A99 /* Main.storyboard */ = {
			isa = PBXVariantGroup;
			children = (
				C540B2911D9068CD00606A99 /* Base */,
			);
			name = Main.storyboard;
			sourceTree = "<group>";
		};
		C540B2951D9068CD00606A99 /* LaunchScreen.storyboard */ = {
			isa = PBXVariantGroup;
			children = (
				C540B2961D9068CD00606A99 /* Base */,
			);
			name = LaunchScreen.storyboard;
			sourceTree = "<group>";
		};
/* End PBXVariantGroup section */

/* Begin XCBuildConfiguration section */
		C540B2991D9068CD00606A99 /* Debug */ = {
			isa = XCBuildConfiguration;
			buildSettings = {
				ALWAYS_SEARCH_USER_PATHS = NO;
				CLANG_ANALYZER_NONNULL = YES;
				CLANG_CXX_LANGUAGE_STANDARD = "gnu++0x";
				CLANG_CXX_LIBRARY = "libc++";
				CLANG_ENABLE_MODULES = YES;
				CLANG_ENABLE_OBJC_ARC = YES;
				CLANG_WARN_BOOL_CONVERSION = YES;
				CLANG_WARN_CONSTANT_CONVERSION = YES;
				CLANG_WARN_DIRECT_OBJC_ISA_USAGE = YES_ERROR;
				CLANG_WARN_EMPTY_BODY = YES;
				CLANG_WARN_ENUM_CONVERSION = YES;
				CLANG_WARN_INT_CONVERSION = YES;
				CLANG_WARN_OBJC_ROOT_CLASS = YES_ERROR;
				CLANG_WARN_UNREACHABLE_CODE = YES;
				CLANG_WARN__DUPLICATE_METHOD_MATCH = YES;
				"CODE_SIGN_IDENTITY[sdk=iphoneos*]" = "iPhone Developer";
				COPY_PHASE_STRIP = NO;
				DEBUG_INFORMATION_FORMAT = dwarf;
				ENABLE_STRICT_OBJC_MSGSEND = YES;
				ENABLE_TESTABILITY = YES;
				GCC_C_LANGUAGE_STANDARD = gnu99;
				GCC_DYNAMIC_NO_PIC = NO;
				GCC_NO_COMMON_BLOCKS = YES;
				GCC_OPTIMIZATION_LEVEL = 0;
				GCC_PREPROCESSOR_DEFINITIONS = (
					"DEBUG=1",
					"$(inherited)",
				);
				GCC_WARN_64_TO_32_BIT_CONVERSION = YES;
				GCC_WARN_ABOUT_RETURN_TYPE = YES_ERROR;
				GCC_WARN_UNDECLARED_SELECTOR = YES;
				GCC_WARN_UNINITIALIZED_AUTOS = YES_AGGRESSIVE;
				GCC_WARN_UNUSED_FUNCTION = YES;
				GCC_WARN_UNUSED_VARIABLE = YES;
				IPHONEOS_DEPLOYMENT_TARGET = 9.3;
				MTL_ENABLE_DEBUG_INFO = YES;
				ONLY_ACTIVE_ARCH = YES;
				SDKROOT = iphoneos;
				SWIFT_OPTIMIZATION_LEVEL = "-Onone";
			};
			name = Debug;
		};
		C540B29A1D9068CD00606A99 /* Release */ = {
			isa = XCBuildConfiguration;
			buildSettings = {
				ALWAYS_SEARCH_USER_PATHS = NO;
				CLANG_ANALYZER_NONNULL = YES;
				CLANG_CXX_LANGUAGE_STANDARD = "gnu++0x";
				CLANG_CXX_LIBRARY = "libc++";
				CLANG_ENABLE_MODULES = YES;
				CLANG_ENABLE_OBJC_ARC = YES;
				CLANG_WARN_BOOL_CONVERSION = YES;
				CLANG_WARN_CONSTANT_CONVERSION = YES;
				CLANG_WARN_DIRECT_OBJC_ISA_USAGE = YES_ERROR;
				CLANG_WARN_EMPTY_BODY = YES;
				CLANG_WARN_ENUM_CONVERSION = YES;
				CLANG_WARN_INT_CONVERSION = YES;
				CLANG_WARN_OBJC_ROOT_CLASS = YES_ERROR;
				CLANG_WARN_UNREACHABLE_CODE = YES;
				CLANG_WARN__DUPLICATE_METHOD_MATCH = YES;
				"CODE_SIGN_IDENTITY[sdk=iphoneos*]" = "iPhone Developer";
				COPY_PHASE_STRIP = NO;
				DEBUG_INFORMATION_FORMAT = "dwarf-with-dsym";
				ENABLE_NS_ASSERTIONS = NO;
				ENABLE_STRICT_OBJC_MSGSEND = YES;
				GCC_C_LANGUAGE_STANDARD = gnu99;
				GCC_NO_COMMON_BLOCKS = YES;
				GCC_WARN_64_TO_32_BIT_CONVERSION = YES;
				GCC_WARN_ABOUT_RETURN_TYPE = YES_ERROR;
				GCC_WARN_UNDECLARED_SELECTOR = YES;
				GCC_WARN_UNINITIALIZED_AUTOS = YES_AGGRESSIVE;
				GCC_WARN_UNUSED_FUNCTION = YES;
				GCC_WARN_UNUSED_VARIABLE = YES;
				IPHONEOS_DEPLOYMENT_TARGET = 9.3;
				MTL_ENABLE_DEBUG_INFO = NO;
				SDKROOT = iphoneos;
				VALIDATE_PRODUCT = YES;
			};
			name = Release;
		};
		C540B29C1D9068CD00606A99 /* Debug */ = {
			isa = XCBuildConfiguration;
			buildSettings = {
				ASSETCATALOG_COMPILER_APPICON_NAME = AppIcon;
				INFOPLIST_FILE = EmbedTable/Info.plist;
				LD_RUNPATH_SEARCH_PATHS = "$(inherited) @executable_path/Frameworks";
				PRODUCT_BUNDLE_IDENTIFIER = edu.indiana.cs.a290.EmbedTable;
				PRODUCT_NAME = "$(TARGET_NAME)";
			};
			name = Debug;
		};
		C540B29D1D9068CD00606A99 /* Release */ = {
			isa = XCBuildConfiguration;
			buildSettings = {
				ASSETCATALOG_COMPILER_APPICON_NAME = AppIcon;
				INFOPLIST_FILE = EmbedTable/Info.plist;
				LD_RUNPATH_SEARCH_PATHS = "$(inherited) @executable_path/Frameworks";
				PRODUCT_BUNDLE_IDENTIFIER = edu.indiana.cs.a290.EmbedTable;
				PRODUCT_NAME = "$(TARGET_NAME)";
			};
			name = Release;
		};
/* End XCBuildConfiguration section */

/* Begin XCConfigurationList section */
		C540B2841D9068CD00606A99 /* Build configuration list for PBXProject "EmbedTable" */ = {
			isa = XCConfigurationList;
			buildConfigurations = (
				C540B2991D9068CD00606A99 /* Debug */,
				C540B29A1D9068CD00606A99 /* Release */,
			);
			defaultConfigurationIsVisible = 0;
			defaultConfigurationName = Release;
		};
		C540B29B1D9068CD00606A99 /* Build configuration list for PBXNativeTarget "EmbedTable" */ = {
			isa = XCConfigurationList;
			buildConfigurations = (
				C540B29C1D9068CD00606A99 /* Debug */,
				C540B29D1D9068CD00606A99 /* Release */,
			);
			defaultConfigurationIsVisible = 0;
		};
/* End XCConfigurationList section */
	};
	rootObject = C540B2811D9068CD00606A99 /* Project object */;
}
